
Microsoft Visual Studio Solution File, Format Version 12.00
# Visual Studio Version 16
VisualStudioVersion = 16.0.810.11
MinimumVisualStudioVersion = 10.0.40219.1
Project("{FAE04EC0-301F-11D3-BF4B-00C04F79EFBC}") = "WebApi", "WebApi\WebApi.csproj", "{2721C7D0-6030-486C-9719-F39DDF6B7AD4}"
EndProject
Project("{FAE04EC0-301F-11D3-BF4B-00C04F79EFBC}") = "DataStore.EF", "DataStore.EF\DataStore.EF.csproj", "{6674DF03-DB17-4204-B6A9-4C94A8F22611}"
EndProject
Project("{FAE04EC0-301F-11D3-BF4B-00C04F79EFBC}") = "Core", "Core_standard\Core.csproj", "{B9722A9A-6880-48D2-A29A-3B718B907818}"
EndProject
Global
	GlobalSection(SolutionConfigurationPlatforms) = preSolution
		Debug|Any CPU = Debug|Any CPU
		Release|Any CPU = Release|Any CPU
	EndGlobalSection
	GlobalSection(ProjectConfigurationPlatforms) = postSolution
		{2721C7D0-6030-486C-9719-F39DDF6B7AD4}.Debug|Any CPU.ActiveCfg = Debug|Any CPU
		{2721C7D0-6030-486C-9719-F39DDF6B7AD4}.Debug|Any CPU.Build.0 = Debug|Any CPU
		{2721C7D0-6030-486C-9719-F39DDF6B7AD4}.Release|Any CPU.ActiveCfg = Release|Any CPU
		{2721C7D0-6030-486C-9719-F39DDF6B7AD4}.Release|Any CPU.Build.0 = Release|Any CPU
		{6674DF03-DB17-4204-B6A9-4C94A8F22611}.Debug|Any CPU.ActiveCfg = Debug|Any CPU
		{6674DF03-DB17-4204-B6A9-4C94A8F22611}.Debug|Any CPU.Build.0 = Debug|Any CPU
		{6674DF03-DB17-4204-B6A9-4C94A8F22611}.Release|Any CPU.ActiveCfg = Release|Any CPU
		{6674DF03-DB17-4204-B6A9-4C94A8F22611}.Release|Any CPU.Build.0 = Release|Any CPU
		{B9722A9A-6880-48D2-A29A-3B718B907818}.Debug|Any CPU.ActiveCfg = Debug|Any CPU
		{B9722A9A-6880-48D2-A29A-3B718B907818}.Debug|Any CPU.Build.0 = Debug|Any CPU
		{B9722A9A-6880-48D2-A29A-3B718B907818}.Release|Any CPU.ActiveCfg = Release|Any CPU
		{B9722A9A-6880-48D2-A29A-3B718B907818}.Release|Any CPU.Build.0 = Release|Any CPU
	EndGlobalSection
	GlobalSection(SolutionProperties) = preSolution
		HideSolutionNode = FALSE
	EndGlobalSection
	GlobalSection(ExtensibilityGlobals) = postSolution
		SolutionGuid = {88228CFF-452D-4B5E-96CD-7F26EC1DA3C7}
	EndGlobalSection
EndGlobal
